// !$*UTF8*$!
{
	archiveVersion = 1;
	classes = {
	};
	objectVersion = 50;
	objects = {

/* Begin PBXBuildFile section */
		AE249E1821C0D37900394803 /* AppDelegate.m in Sources */ = {isa = PBXBuildFile; fileRef = AE249E1721C0D37900394803 /* AppDelegate.m */; };
		AE249E1B21C0D37900394803 /* ViewController.m in Sources */ = {isa = PBXBuildFile; fileRef = AE249E1A21C0D37900394803 /* ViewController.m */; };
		AE249E1E21C0D37900394803 /* Main.storyboard in Resources */ = {isa = PBXBuildFile; fileRef = AE249E1C21C0D37900394803 /* Main.storyboard */; };
		AE249E2021C0D38100394803 /* Assets.xcassets in Resources */ = {isa = PBXBuildFile; fileRef = AE249E1F21C0D38100394803 /* Assets.xcassets */; };
		AE249E2321C0D38100394803 /* LaunchScreen.storyboard in Resources */ = {isa = PBXBuildFile; fileRef = AE249E2121C0D38100394803 /* LaunchScreen.storyboard */; };
		AE249E2621C0D38100394803 /* main.m in Sources */ = {isa = PBXBuildFile; fileRef = AE249E2521C0D38100394803 /* main.m */; };
/* End PBXBuildFile section */

/* Begin PBXFileReference section */
		AE249E1321C0D37900394803 /* IpAccessoryScrollView.app */ = {isa = PBXFileReference; explicitFileType = wrapper.application; includeInIndex = 0; path = IpAccessoryScrollView.app; sourceTree = BUILT_PRODUCTS_DIR; };
		AE249E1621C0D37900394803 /* AppDelegate.h */ = {isa = PBXFileReference; lastKnownFileType = sourcecode.c.h; path = AppDelegate.h; sourceTree = "<group>"; };
		AE249E1721C0D37900394803 /* AppDelegate.m */ = {isa = PBXFileReference; lastKnownFileType = sourcecode.c.objc; path = AppDelegate.m; sourceTree = "<group>"; };
		AE249E1921C0D37900394803 /* ViewController.h */ = {isa = PBXFileReference; lastKnownFileType = sourcecode.c.h; path = ViewController.h; sourceTree = "<group>"; };
		AE249E1A21C0D37900394803 /* ViewController.m */ = {isa = PBXFileReference; lastKnownFileType = sourcecode.c.objc; path = ViewController.m; sourceTree = "<group>"; };
		AE249E1D21C0D37900394803 /* Base */ = {isa = PBXFileReference; lastKnownFileType = file.storyboard; name = Base; path = Base.lproj/Main.storyboard; sourceTree = "<group>"; };
		AE249E1F21C0D38100394803 /* Assets.xcassets */ = {isa = PBXFileReference; lastKnownFileType = folder.assetcatalog; path = Assets.xcassets; sourceTree = "<group>"; };
		AE249E2221C0D38100394803 /* Base */ = {isa = PBXFileReference; lastKnownFileType = file.storyboard; name = Base; path = Base.lproj/LaunchScreen.storyboard; sourceTree = "<group>"; };
		AE249E2421C0D38100394803 /* Info.plist */ = {isa = PBXFileReference; lastKnownFileType = text.plist.xml; path = Info.plist; sourceTree = "<group>"; };
		AE249E2521C0D38100394803 /* main.m */ = {isa = PBXFileReference; lastKnownFileType = sourcecode.c.objc; path = main.m; sourceTree = "<group>"; };
/* End PBXFileReference section */

/* Begin PBXFrameworksBuildPhase section */
		AE249E1021C0D37900394803 /* Frameworks */ = {
			isa = PBXFrameworksBuildPhase;
			buildActionMask = 2147483647;
			files = (
			);
			runOnlyForDeploymentPostprocessing = 0;
		};
/* End PBXFrameworksBuildPhase section */

/* Begin PBXGroup section */
		AE249E0A21C0D37900394803 = {
			isa = PBXGroup;
			children = (
				AE249E1521C0D37900394803 /* IpAccessoryScrollView */,
				AE249E1421C0D37900394803 /* Products */,
			);
			sourceTree = "<group>";
		};
		AE249E1421C0D37900394803 /* Products */ = {
			isa = PBXGroup;
			children = (
				AE249E1321C0D37900394803 /* IpAccessoryScrollView.app */,
			);
			name = Products;
			sourceTree = "<group>";
		};
		AE249E1521C0D37900394803 /* IpAccessoryScrollView */ = {
			isa = PBXGroup;
			children = (
				AE249E1621C0D37900394803 /* AppDelegate.h */,
				AE249E1721C0D37900394803 /* AppDelegate.m */,
				AE249E1921C0D37900394803 /* ViewController.h */,
				AE249E1A21C0D37900394803 /* ViewController.m */,
				AE249E1C21C0D37900394803 /* Main.storyboard */,
				AE249E1F21C0D38100394803 /* Assets.xcassets */,
				AE249E2121C0D38100394803 /* LaunchScreen.storyboard */,
				AE249E2421C0D38100394803 /* Info.plist */,
				AE249E2521C0D38100394803 /* main.m */,
			);
			path = IpAccessoryScrollView;
			sourceTree = "<group>";
		};
/* End PBXGroup section */

/* Begin PBXNativeTarget section */
		AE249E1221C0D37900394803 /* IpAccessoryScrollView */ = {
			isa = PBXNativeTarget;
			buildConfigurationList = AE249E2921C0D38100394803 /* Build configuration list for PBXNativeTarget "IpAccessoryScrollView" */;
			buildPhases = (
				AE249E0F21C0D37900394803 /* Sources */,
				AE249E1021C0D37900394803 /* Frameworks */,
				AE249E1121C0D37900394803 /* Resources */,
			);
			buildRules = (
			);
			dependencies = (
			);
			name = IpAccessoryScrollView;
			productName = IpAccessoryScrollView;
			productReference = AE249E1321C0D37900394803 /* IpAccessoryScrollView.app */;
			productType = "com.apple.product-type.application";
		};
/* End PBXNativeTarget section */

/* Begin PBXProject section */
		AE249E0B21C0D37900394803 /* Project object */ = {
			isa = PBXProject;
			attributes = {
				LastUpgradeCheck = 1000;
				ORGANIZATIONNAME = "Mahendra Thotakura";
				TargetAttributes = {
					AE249E1221C0D37900394803 = {
						CreatedOnToolsVersion = 10.0;
					};
				};
			};
			buildConfigurationList = AE249E0E21C0D37900394803 /* Build configuration list for PBXProject "IpAccessoryScrollView" */;
			compatibilityVersion = "Xcode 9.3";
			developmentRegion = en;
			hasScannedForEncodings = 0;
			knownRegions = (
				en,
				Base,
			);
			mainGroup = AE249E0A21C0D37900394803;
			productRefGroup = AE249E1421C0D37900394803 /* Products */;
			projectDirPath = "";
			projectRoot = "";
			targets = (
				AE249E1221C0D37900394803 /* IpAccessoryScrollView */,
			);
		};
/* End PBXProject section */

/* Begin PBXResourcesBuildPhase section */
		AE249E1121C0D37900394803 /* Resources */ = {
			isa = PBXResourcesBuildPhase;
			buildActionMask = 2147483647;
			files = (
				AE249E2321C0D38100394803 /* LaunchScreen.storyboard in Resources */,
				AE249E2021C0D38100394803 /* Assets.xcassets in Resources */,
				AE249E1E21C0D37900394803 /* Main.storyboard in Resources */,
			);
			runOnlyForDeploymentPostprocessing = 0;
		};
/* End PBXResourcesBuildPhase section */

/* Begin PBXSourcesBuildPhase section */
		AE249E0F21C0D37900394803 /* Sources */ = {
			isa = PBXSourcesBuildPhase;
			buildActionMask = 2147483647;
			files = (
				AE249E1B21C0D37900394803 /* ViewController.m in Sources */,
				AE249E2621C0D38100394803 /* main.m in Sources */,
				AE249E1821C0D37900394803 /* AppDelegate.m in Sources */,
			);
			runOnlyForDeploymentPostprocessing = 0;
		};
/* End PBXSourcesBuildPhase section */

/* Begin PBXVariantGroup section */
		AE249E1C21C0D37900394803 /* Main.storyboard */ = {
			isa = PBXVariantGroup;
			children = (
				AE249E1D21C0D37900394803 /* Base */,
			);
			name = Main.storyboard;
			sourceTree = "<group>";
		};
		AE249E2121C0D38100394803 /* LaunchScreen.storyboard */ = {
			isa = PBXVariantGroup;
			children = (
				AE249E2221C0D38100394803 /* Base */,
			);
			name = LaunchScreen.storyboard;
			sourceTree = "<group>";
		};
/* End PBXVariantGroup section */

/* Begin XCBuildConfiguration section */
		AE249E2721C0D38100394803 /* Debug */ = {
			isa = XCBuildConfiguration;
			buildSettings = {
				ALWAYS_SEARCH_USER_PATHS = NO;
				CLANG_ANALYZER_NONNULL = YES;
				CLANG_ANALYZER_NUMBER_OBJECT_CONVERSION = YES_AGGRESSIVE;
				CLANG_CXX_LANGUAGE_STANDARD = "gnu++14";
				CLANG_CXX_LIBRARY = "libc++";
				CLANG_ENABLE_MODULES = YES;
				CLANG_ENABLE_OBJC_ARC = YES;
				CLANG_ENABLE_OBJC_WEAK = YES;
				CLANG_WARN_BLOCK_CAPTURE_AUTORELEASING = YES;
				CLANG_WARN_BOOL_CONVERSION = YES;
				CLANG_WARN_COMMA = YES;
				CLANG_WARN_CONSTANT_CONVERSION = YES;
				CLANG_WARN_DEPRECATED_OBJC_IMPLEMENTATIONS = YES;
				CLANG_WARN_DIRECT_OBJC_ISA_USAGE = YES_ERROR;
				CLANG_WARN_DOCUMENTATION_COMMENTS = YES;
				CLANG_WARN_EMPTY_BODY = YES;
				CLANG_WARN_ENUM_CONVERSION = YES;
				CLANG_WARN_INFINITE_RECURSION = YES;
				CLANG_WARN_INT_CONVERSION = YES;
				CLANG_WARN_NON_LITERAL_NULL_CONVERSION = YES;
				CLANG_WARN_OBJC_IMPLICIT_RETAIN_SELF = YES;
				CLANG_WARN_OBJC_LITERAL_CONVERSION = YES;
				CLANG_WARN_OBJC_ROOT_CLASS = YES_ERROR;
				CLANG_WARN_RANGE_LOOP_ANALYSIS = YES;
				CLANG_WARN_STRICT_PROTOTYPES = YES;
				CLANG_WARN_SUSPICIOUS_MOVE = YES;
				CLANG_WARN_UNGUARDED_AVAILABILITY = YES_AGGRESSIVE;
				CLANG_WARN_UNREACHABLE_CODE = YES;
				CLANG_WARN__DUPLICATE_METHOD_MATCH = YES;
				CODE_SIGN_IDENTITY = "iPhone Developer";
				COPY_PHASE_STRIP = NO;
				DEBUG_INFORMATION_FORMAT = dwarf;
				ENABLE_STRICT_OBJC_MSGSEND = YES;
				ENABLE_TESTABILITY = YES;
				GCC_C_LANGUAGE_STANDARD = gnu11;
				GCC_DYNAMIC_NO_PIC = NO;
				GCC_NO_COMMON_BLOCKS = YES;
				GCC_OPTIMIZATION_LEVEL = 0;
				GCC_PREPROCESSOR_DEFINITIONS = (
					"DEBUG=1",
					"$(inherited)",
				);
				GCC_WARN_64_TO_32_BIT_CONVERSION = YES;
				GCC_WARN_ABOUT_RETURN_TYPE = YES_ERROR;
				GCC_WARN_UNDECLARED_SELECTOR = YES;
				GCC_WARN_UNINITIALIZED_AUTOS = YES_AGGRESSIVE;
				GCC_WARN_UNUSED_FUNCTION = YES;
				GCC_WARN_UNUSED_VARIABLE = YES;
				IPHONEOS_DEPLOYMENT_TARGET = 12.0;
				MTL_ENABLE_DEBUG_INFO = INCLUDE_SOURCE;
				MTL_FAST_MATH = YES;
				ONLY_ACTIVE_ARCH = YES;
				SDKROOT = iphoneos;
			};
			name = Debug;
		};
		AE249E2821C0D38100394803 /* Release */ = {
			isa = XCBuildConfiguration;
			buildSettings = {
				ALWAYS_SEARCH_USER_PATHS = NO;
				CLANG_ANALYZER_NONNULL = YES;
				CLANG_ANALYZER_NUMBER_OBJECT_CONVERSION = YES_AGGRESSIVE;
				CLANG_CXX_LANGUAGE_STANDARD = "gnu++14";
				CLANG_CXX_LIBRARY = "libc++";
				CLANG_ENABLE_MODULES = YES;
				CLANG_ENABLE_OBJC_ARC = YES;
				CLANG_ENABLE_OBJC_WEAK = YES;
				CLANG_WARN_BLOCK_CAPTURE_AUTORELEASING = YES;
				CLANG_WARN_BOOL_CONVERSION = YES;
				CLANG_WARN_COMMA = YES;
				CLANG_WARN_CONSTANT_CONVERSION = YES;
				CLANG_WARN_DEPRECATED_OBJC_IMPLEMENTATIONS = YES;
				CLANG_WARN_DIRECT_OBJC_ISA_USAGE = YES_ERROR;
				CLANG_WARN_DOCUMENTATION_COMMENTS = YES;
				CLANG_WARN_EMPTY_BODY = YES;
				CLANG_WARN_ENUM_CONVERSION = YES;
				CLANG_WARN_INFINITE_RECURSION = YES;
				CLANG_WARN_INT_CONVERSION = YES;
				CLANG_WARN_NON_LITERAL_NULL_CONVERSION = YES;
				CLANG_WARN_OBJC_IMPLICIT_RETAIN_SELF = YES;
				CLANG_WARN_OBJC_LITERAL_CONVERSION = YES;
				CLANG_WARN_OBJC_ROOT_CLASS = YES_ERROR;
				CLANG_WARN_RANGE_LOOP_ANALYSIS = YES;
				CLANG_WARN_STRICT_PROTOTYPES = YES;
				CLANG_WARN_SUSPICIOUS_MOVE = YES;
				CLANG_WARN_UNGUARDED_AVAILABILITY = YES_AGGRESSIVE;
				CLANG_WARN_UNREACHABLE_CODE = YES;
				CLANG_WARN__DUPLICATE_METHOD_MATCH = YES;
				CODE_SIGN_IDENTITY = "iPhone Developer";
				COPY_PHASE_STRIP = NO;
				DEBUG_INFORMATION_FORMAT = "dwarf-with-dsym";
				ENABLE_NS_ASSERTIONS = NO;
				ENABLE_STRICT_OBJC_MSGSEND = YES;
				GCC_C_LANGUAGE_STANDARD = gnu11;
				GCC_NO_COMMON_BLOCKS = YES;
				GCC_WARN_64_TO_32_BIT_CONVERSION = YES;
				GCC_WARN_ABOUT_RETURN_TYPE = YES_ERROR;
				GCC_WARN_UNDECLARED_SELECTOR = YES;
				GCC_WARN_UNINITIALIZED_AUTOS = YES_AGGRESSIVE;
				GCC_WARN_UNUSED_FUNCTION = YES;
				GCC_WARN_UNUSED_VARIABLE = YES;
				IPHONEOS_DEPLOYMENT_TARGET = 12.0;
				MTL_ENABLE_DEBUG_INFO = NO;
				MTL_FAST_MATH = YES;
				SDKROOT = iphoneos;
				VALIDATE_PRODUCT = YES;
			};
			name = Release;
		};
		AE249E2A21C0D38100394803 /* Debug */ = {
			isa = XCBuildConfiguration;
			buildSettings = {
				ASSETCATALOG_COMPILER_APPICON_NAME = AppIcon;
				CODE_SIGN_STYLE = Automatic;
				DEVELOPMENT_TEAM = G43P2FFDRZ;
				INFOPLIST_FILE = IpAccessoryScrollView/Info.plist;
				IPHONEOS_DEPLOYMENT_TARGET = 10.0;
				LD_RUNPATH_SEARCH_PATHS = (
					"$(inherited)",
					"@executable_path/Frameworks",
				);
				PRODUCT_BUNDLE_IDENTIFIER = com.osm.IpAccessoryScrollView;
				PRODUCT_NAME = "$(TARGET_NAME)";
				TARGETED_DEVICE_FAMILY = "1,2";
			};
			name = Debug;
		};
		AE249E2B21C0D38100394803 /* Release */ = {
			isa = XCBuildConfiguration;
			buildSettings = {
				ASSETCATALOG_COMPILER_APPICON_NAME = AppIcon;
				CODE_SIGN_STYLE = Automatic;
				DEVELOPMENT_TEAM = G43P2FFDRZ;
				INFOPLIST_FILE = IpAccessoryScrollView/Info.plist;
				IPHONEOS_DEPLOYMENT_TARGET = 10.0;
				LD_RUNPATH_SEARCH_PATHS = (
					"$(inherited)",
					"@executable_path/Frameworks",
				);
				PRODUCT_BUNDLE_IDENTIFIER = com.osm.IpAccessoryScrollView;
				PRODUCT_NAME = "$(TARGET_NAME)";
				TARGETED_DEVICE_FAMILY = "1,2";
			};
			name = Release;
		};
/* End XCBuildConfiguration section */

/* Begin XCConfigurationList section */
		AE249E0E21C0D37900394803 /* Build configuration list for PBXProject "IpAccessoryScrollView" */ = {
			isa = XCConfigurationList;
			buildConfigurations = (
				AE249E2721C0D38100394803 /* Debug */,
				AE249E2821C0D38100394803 /* Release */,
			);
			defaultConfigurationIsVisible = 0;
			defaultConfigurationName = Release;
		};
		AE249E2921C0D38100394803 /* Build configuration list for PBXNativeTarget "IpAccessoryScrollView" */ = {
			isa = XCConfigurationList;
			buildConfigurations = (
				AE249E2A21C0D38100394803 /* Debug */,
				AE249E2B21C0D38100394803 /* Release */,
			);
			defaultConfigurationIsVisible = 0;
			defaultConfigurationName = Release;
		};
/* End XCConfigurationList section */
	};
	rootObject = AE249E0B21C0D37900394803 /* Project object */;
}
